
Microsoft Visual Studio Solution File, Format Version 12.00
# Visual Studio Version 17
VisualStudioVersion = 17.0.32112.339
MinimumVisualStudioVersion = 10.0.40219.1
Project("{FAE04EC0-301F-11D3-BF4B-00C04F79EFBC}") = "passorfail", "passorfail\passorfail.csproj", "{55213D9D-B994-42D0-B0EF-1169715C3069}"
EndProject
Global
	GlobalSection(SolutionConfigurationPlatforms) = preSolution
		Debug|Any CPU = Debug|Any CPU
		Release|Any CPU = Release|Any CPU
	EndGlobalSection
	GlobalSection(ProjectConfigurationPlatforms) = postSolution
		{55213D9D-B994-42D0-B0EF-1169715C3069}.Debug|Any CPU.ActiveCfg = Debug|Any CPU
		{55213D9D-B994-42D0-B0EF-1169715C3069}.Debug|Any CPU.Build.0 = Debug|Any CPU
		{55213D9D-B994-42D0-B0EF-1169715C3069}.Release|Any CPU.ActiveCfg = Release|Any CPU
		{55213D9D-B994-42D0-B0EF-1169715C3069}.Release|Any CPU.Build.0 = Release|Any CPU
	EndGlobalSection
	GlobalSection(SolutionProperties) = preSolution
		HideSolutionNode = FALSE
	EndGlobalSection
	GlobalSection(ExtensibilityGlobals) = postSolution
		SolutionGuid = {615CC032-A985-4FA1-8655-B2A51B2AC93A}
	EndGlobalSection
EndGlobal
