
Microsoft Visual Studio Solution File, Format Version 12.00
# Visual Studio Version 17
VisualStudioVersion = 17.0.32112.339
MinimumVisualStudioVersion = 10.0.40219.1
Project("{FAE04EC0-301F-11D3-BF4B-00C04F79EFBC}") = "temp", "temp\temp.csproj", "{13CF58BA-E3B6-441C-9524-FDD6F9304096}"
EndProject
Global
	GlobalSection(SolutionConfigurationPlatforms) = preSolution
		Debug|Any CPU = Debug|Any CPU
		Release|Any CPU = Release|Any CPU
	EndGlobalSection
	GlobalSection(ProjectConfigurationPlatforms) = postSolution
		{13CF58BA-E3B6-441C-9524-FDD6F9304096}.Debug|Any CPU.ActiveCfg = Debug|Any CPU
		{13CF58BA-E3B6-441C-9524-FDD6F9304096}.Debug|Any CPU.Build.0 = Debug|Any CPU
		{13CF58BA-E3B6-441C-9524-FDD6F9304096}.Release|Any CPU.ActiveCfg = Release|Any CPU
		{13CF58BA-E3B6-441C-9524-FDD6F9304096}.Release|Any CPU.Build.0 = Release|Any CPU
	EndGlobalSection
	GlobalSection(SolutionProperties) = preSolution
		HideSolutionNode = FALSE
	EndGlobalSection
	GlobalSection(ExtensibilityGlobals) = postSolution
		SolutionGuid = {293C47C5-6E32-4590-844D-5E0AF53E2870}
	EndGlobalSection
EndGlobal
