
Microsoft Visual Studio Solution File, Format Version 12.00
# Visual Studio Version 17
VisualStudioVersion = 17.0.32112.339
MinimumVisualStudioVersion = 10.0.40219.1
Project("{FAE04EC0-301F-11D3-BF4B-00C04F79EFBC}") = "student", "student\student.csproj", "{70964D2E-3233-4436-90CF-7D5B6D8E54DA}"
EndProject
Global
	GlobalSection(SolutionConfigurationPlatforms) = preSolution
		Debug|Any CPU = Debug|Any CPU
		Release|Any CPU = Release|Any CPU
	EndGlobalSection
	GlobalSection(ProjectConfigurationPlatforms) = postSolution
		{70964D2E-3233-4436-90CF-7D5B6D8E54DA}.Debug|Any CPU.ActiveCfg = Debug|Any CPU
		{70964D2E-3233-4436-90CF-7D5B6D8E54DA}.Debug|Any CPU.Build.0 = Debug|Any CPU
		{70964D2E-3233-4436-90CF-7D5B6D8E54DA}.Release|Any CPU.ActiveCfg = Release|Any CPU
		{70964D2E-3233-4436-90CF-7D5B6D8E54DA}.Release|Any CPU.Build.0 = Release|Any CPU
	EndGlobalSection
	GlobalSection(SolutionProperties) = preSolution
		HideSolutionNode = FALSE
	EndGlobalSection
	GlobalSection(ExtensibilityGlobals) = postSolution
		SolutionGuid = {D3C075A8-66BC-4F2E-9FAF-F2E2C81275AF}
	EndGlobalSection
EndGlobal
